{
  "name": "tubugl-core",
  "version": "1.0.0",
  "lockfileVersion": 1,
  "requires": true,
  "dependencies": {
    "tubugl-contants": {
      "version": "1.0.0",
      "resolved": "https://registry.npmjs.org/tubugl-contants/-/tubugl-contants-1.0.0.tgz",
      "integrity": "sha512-rlEDZG+tRuxKM1ZSLbA1Pk8MhsrEQziKF1BYQ0W4RmejDvNwTP9fRgLC12TvqH/EkD5fS7Wd3ZQEwRf5hISubQ=="
    }
  }
}
