# THIS IS AN AUTOGENERATED FILE. DO NOT EDIT THIS FILE DIRECTLY.
# yarn lockfile v1


eslint-plugin-prettier@^2.4.0:
  version "2.4.0"
  resolved "http://npm.shcc.nl/eslint-plugin-prettier/-/eslint-plugin-prettier-2.4.0.tgz#85cab0775c6d5e3344ef01e78d960f166fb93aae"
  dependencies:
    fast-diff "^1.1.1"
    jest-docblock "^21.0.0"

fast-diff@^1.1.1:
  version "1.1.2"
  resolved "http://npm.shcc.nl/fast-diff/-/fast-diff-1.1.2.tgz#4b62c42b8e03de3f848460b639079920695d0154"

jest-docblock@^21.0.0:
  version "21.2.0"
  resolved "http://npm.shcc.nl/jest-docblock/-/jest-docblock-21.2.0.tgz#51529c3b30d5fd159da60c27ceedc195faf8d414"

prettier@^1.9.2:
  version "1.9.2"
  resolved "http://npm.shcc.nl/prettier/-/prettier-1.9.2.tgz#96bc2132f7a32338e6078aeb29727178c6335827"

tubugl-constants@^1.0.3:
  version "1.0.3"
  resolved "http://npm.shcc.nl/tubugl-constants/-/tubugl-constants-1.0.3.tgz#bb59ff9fce6e47d14730ab9d0407da5d009e39b4"
